// !$*UTF8*$!
{
	archiveVersion = 1;
	classes = {
	};
	objectVersion = 56;
	objects = {

/* Begin PBXBuildFile section */
		9B3533342C6500BE007365EB /* NavigationStarterSwiftUIApp.swift in Sources */ = {isa = PBXBuildFile; fileRef = 9B3533332C6500BE007365EB /* NavigationStarterSwiftUIApp.swift */; };
		9B3533362C6500BE007365EB /* ContentView.swift in Sources */ = {isa = PBXBuildFile; fileRef = 9B3533352C6500BE007365EB /* ContentView.swift */; };
		9B3533382C6500C0007365EB /* Assets.xcassets in Resources */ = {isa = PBXBuildFile; fileRef = 9B3533372C6500C0007365EB /* Assets.xcassets */; };
		9B35333B2C6500C0007365EB /* Preview Assets.xcassets in Resources */ = {isa = PBXBuildFile; fileRef = 9B35333A2C6500C0007365EB /* Preview Assets.xcassets */; };
		9B3533422C6500DB007365EB /* NavDestination.swift in Sources */ = {isa = PBXBuildFile; fileRef = 9B3533412C6500DB007365EB /* NavDestination.swift */; };
		9B3533442C650181007365EB /* MyPetListView.swift in Sources */ = {isa = PBXBuildFile; fileRef = 9B3533432C650181007365EB /* MyPetListView.swift */; };
		9B3533482C650B65007365EB /* MyPetRaceView.swift in Sources */ = {isa = PBXBuildFile; fileRef = 9B3533472C650B65007365EB /* MyPetRaceView.swift */; };
		9B35334A2C650BA4007365EB /* MyPetNameView.swift in Sources */ = {isa = PBXBuildFile; fileRef = 9B3533492C650BA4007365EB /* MyPetNameView.swift */; };
		9B35334C2C650DED007365EB /* MyHobbyView.swift in Sources */ = {isa = PBXBuildFile; fileRef = 9B35334B2C650DED007365EB /* MyHobbyView.swift */; };
		9B35334E2C650E6B007365EB /* MyFoodView.swift in Sources */ = {isa = PBXBuildFile; fileRef = 9B35334D2C650E6B007365EB /* MyFoodView.swift */; };
/* End PBXBuildFile section */

/* Begin PBXFileReference section */
		9B3533302C6500BE007365EB /* NavigationStarterSwiftUI.app */ = {isa = PBXFileReference; explicitFileType = wrapper.application; includeInIndex = 0; path = NavigationStarterSwiftUI.app; sourceTree = BUILT_PRODUCTS_DIR; };
		9B3533332C6500BE007365EB /* NavigationStarterSwiftUIApp.swift */ = {isa = PBXFileReference; lastKnownFileType = sourcecode.swift; path = NavigationStarterSwiftUIApp.swift; sourceTree = "<group>"; };
		9B3533352C6500BE007365EB /* ContentView.swift */ = {isa = PBXFileReference; lastKnownFileType = sourcecode.swift; path = ContentView.swift; sourceTree = "<group>"; };
		9B3533372C6500C0007365EB /* Assets.xcassets */ = {isa = PBXFileReference; lastKnownFileType = folder.assetcatalog; path = Assets.xcassets; sourceTree = "<group>"; };
		9B35333A2C6500C0007365EB /* Preview Assets.xcassets */ = {isa = PBXFileReference; lastKnownFileType = folder.assetcatalog; path = "Preview Assets.xcassets"; sourceTree = "<group>"; };
		9B3533412C6500DB007365EB /* NavDestination.swift */ = {isa = PBXFileReference; lastKnownFileType = sourcecode.swift; path = NavDestination.swift; sourceTree = "<group>"; };
		9B3533432C650181007365EB /* MyPetListView.swift */ = {isa = PBXFileReference; lastKnownFileType = sourcecode.swift; path = MyPetListView.swift; sourceTree = "<group>"; };
		9B3533472C650B65007365EB /* MyPetRaceView.swift */ = {isa = PBXFileReference; lastKnownFileType = sourcecode.swift; path = MyPetRaceView.swift; sourceTree = "<group>"; };
		9B3533492C650BA4007365EB /* MyPetNameView.swift */ = {isa = PBXFileReference; lastKnownFileType = sourcecode.swift; path = MyPetNameView.swift; sourceTree = "<group>"; };
		9B35334B2C650DED007365EB /* MyHobbyView.swift */ = {isa = PBXFileReference; lastKnownFileType = sourcecode.swift; path = MyHobbyView.swift; sourceTree = "<group>"; };
		9B35334D2C650E6B007365EB /* MyFoodView.swift */ = {isa = PBXFileReference; lastKnownFileType = sourcecode.swift; path = MyFoodView.swift; sourceTree = "<group>"; };
/* End PBXFileReference section */

/* Begin PBXFrameworksBuildPhase section */
		9B35332D2C6500BE007365EB /* Frameworks */ = {
			isa = PBXFrameworksBuildPhase;
			buildActionMask = 2147483647;
			files = (
			);
			runOnlyForDeploymentPostprocessing = 0;
		};
/* End PBXFrameworksBuildPhase section */

/* Begin PBXGroup section */
		9B3533272C6500BE007365EB = {
			isa = PBXGroup;
			children = (
				9B3533322C6500BE007365EB /* NavigationStarterSwiftUI */,
				9B3533312C6500BE007365EB /* Products */,
			);
			sourceTree = "<group>";
		};
		9B3533312C6500BE007365EB /* Products */ = {
			isa = PBXGroup;
			children = (
				9B3533302C6500BE007365EB /* NavigationStarterSwiftUI.app */,
			);
			name = Products;
			sourceTree = "<group>";
		};
		9B3533322C6500BE007365EB /* NavigationStarterSwiftUI */ = {
			isa = PBXGroup;
			children = (
				9B3533332C6500BE007365EB /* NavigationStarterSwiftUIApp.swift */,
				9B3533352C6500BE007365EB /* ContentView.swift */,
				9B3533432C650181007365EB /* MyPetListView.swift */,
				9B3533472C650B65007365EB /* MyPetRaceView.swift */,
				9B3533492C650BA4007365EB /* MyPetNameView.swift */,
				9B35334B2C650DED007365EB /* MyHobbyView.swift */,
				9B35334D2C650E6B007365EB /* MyFoodView.swift */,
				9B3533412C6500DB007365EB /* NavDestination.swift */,
				9B3533372C6500C0007365EB /* Assets.xcassets */,
				9B3533392C6500C0007365EB /* Preview Content */,
			);
			path = NavigationStarterSwiftUI;
			sourceTree = "<group>";
		};
		9B3533392C6500C0007365EB /* Preview Content */ = {
			isa = PBXGroup;
			children = (
				9B35333A2C6500C0007365EB /* Preview Assets.xcassets */,
			);
			path = "Preview Content";
			sourceTree = "<group>";
		};
/* End PBXGroup section */

/* Begin PBXNativeTarget section */
		9B35332F2C6500BE007365EB /* NavigationStarterSwiftUI */ = {
			isa = PBXNativeTarget;
			buildConfigurationList = 9B35333E2C6500C0007365EB /* Build configuration list for PBXNativeTarget "NavigationStarterSwiftUI" */;
			buildPhases = (
				9B35332C2C6500BE007365EB /* Sources */,
				9B35332D2C6500BE007365EB /* Frameworks */,
				9B35332E2C6500BE007365EB /* Resources */,
			);
			buildRules = (
			);
			dependencies = (
			);
			name = NavigationStarterSwiftUI;
			productName = NavigationStarterSwiftUI;
			productReference = 9B3533302C6500BE007365EB /* NavigationStarterSwiftUI.app */;
			productType = "com.apple.product-type.application";
		};
/* End PBXNativeTarget section */

/* Begin PBXProject section */
		9B3533282C6500BE007365EB /* Project object */ = {
			isa = PBXProject;
			attributes = {
				BuildIndependentTargetsInParallel = 1;
				LastSwiftUpdateCheck = 1540;
				LastUpgradeCheck = 1540;
				TargetAttributes = {
					9B35332F2C6500BE007365EB = {
						CreatedOnToolsVersion = 15.4;
					};
				};
			};
			buildConfigurationList = 9B35332B2C6500BE007365EB /* Build configuration list for PBXProject "NavigationStarterSwiftUI" */;
			compatibilityVersion = "Xcode 14.0";
			developmentRegion = en;
			hasScannedForEncodings = 0;
			knownRegions = (
				en,
				Base,
			);
			mainGroup = 9B3533272C6500BE007365EB;
			productRefGroup = 9B3533312C6500BE007365EB /* Products */;
			projectDirPath = "";
			projectRoot = "";
			targets = (
				9B35332F2C6500BE007365EB /* NavigationStarterSwiftUI */,
			);
		};
/* End PBXProject section */

/* Begin PBXResourcesBuildPhase section */
		9B35332E2C6500BE007365EB /* Resources */ = {
			isa = PBXResourcesBuildPhase;
			buildActionMask = 2147483647;
			files = (
				9B35333B2C6500C0007365EB /* Preview Assets.xcassets in Resources */,
				9B3533382C6500C0007365EB /* Assets.xcassets in Resources */,
			);
			runOnlyForDeploymentPostprocessing = 0;
		};
/* End PBXResourcesBuildPhase section */

/* Begin PBXSourcesBuildPhase section */
		9B35332C2C6500BE007365EB /* Sources */ = {
			isa = PBXSourcesBuildPhase;
			buildActionMask = 2147483647;
			files = (
				9B3533442C650181007365EB /* MyPetListView.swift in Sources */,
				9B35334C2C650DED007365EB /* MyHobbyView.swift in Sources */,
				9B3533422C6500DB007365EB /* NavDestination.swift in Sources */,
				9B35334A2C650BA4007365EB /* MyPetNameView.swift in Sources */,
				9B35334E2C650E6B007365EB /* MyFoodView.swift in Sources */,
				9B3533482C650B65007365EB /* MyPetRaceView.swift in Sources */,
				9B3533362C6500BE007365EB /* ContentView.swift in Sources */,
				9B3533342C6500BE007365EB /* NavigationStarterSwiftUIApp.swift in Sources */,
			);
			runOnlyForDeploymentPostprocessing = 0;
		};
/* End PBXSourcesBuildPhase section */

/* Begin XCBuildConfiguration section */
		9B35333C2C6500C0007365EB /* Debug */ = {
			isa = XCBuildConfiguration;
			buildSettings = {
				ALWAYS_SEARCH_USER_PATHS = NO;
				ASSETCATALOG_COMPILER_GENERATE_SWIFT_ASSET_SYMBOL_EXTENSIONS = YES;
				CLANG_ANALYZER_NONNULL = YES;
				CLANG_ANALYZER_NUMBER_OBJECT_CONVERSION = YES_AGGRESSIVE;
				CLANG_CXX_LANGUAGE_STANDARD = "gnu++20";
				CLANG_ENABLE_MODULES = YES;
				CLANG_ENABLE_OBJC_ARC = YES;
				CLANG_ENABLE_OBJC_WEAK = YES;
				CLANG_WARN_BLOCK_CAPTURE_AUTORELEASING = YES;
				CLANG_WARN_BOOL_CONVERSION = YES;
				CLANG_WARN_COMMA = YES;
				CLANG_WARN_CONSTANT_CONVERSION = YES;
				CLANG_WARN_DEPRECATED_OBJC_IMPLEMENTATIONS = YES;
				CLANG_WARN_DIRECT_OBJC_ISA_USAGE = YES_ERROR;
				CLANG_WARN_DOCUMENTATION_COMMENTS = YES;
				CLANG_WARN_EMPTY_BODY = YES;
				CLANG_WARN_ENUM_CONVERSION = YES;
				CLANG_WARN_INFINITE_RECURSION = YES;
				CLANG_WARN_INT_CONVERSION = YES;
				CLANG_WARN_NON_LITERAL_NULL_CONVERSION = YES;
				CLANG_WARN_OBJC_IMPLICIT_RETAIN_SELF = YES;
				CLANG_WARN_OBJC_LITERAL_CONVERSION = YES;
				CLANG_WARN_OBJC_ROOT_CLASS = YES_ERROR;
				CLANG_WARN_QUOTED_INCLUDE_IN_FRAMEWORK_HEADER = YES;
				CLANG_WARN_RANGE_LOOP_ANALYSIS = YES;
				CLANG_WARN_STRICT_PROTOTYPES = YES;
				CLANG_WARN_SUSPICIOUS_MOVE = YES;
				CLANG_WARN_UNGUARDED_AVAILABILITY = YES_AGGRESSIVE;
				CLANG_WARN_UNREACHABLE_CODE = YES;
				CLANG_WARN__DUPLICATE_METHOD_MATCH = YES;
				COPY_PHASE_STRIP = NO;
				DEBUG_INFORMATION_FORMAT = dwarf;
				ENABLE_STRICT_OBJC_MSGSEND = YES;
				ENABLE_TESTABILITY = YES;
				ENABLE_USER_SCRIPT_SANDBOXING = YES;
				GCC_C_LANGUAGE_STANDARD = gnu17;
				GCC_DYNAMIC_NO_PIC = NO;
				GCC_NO_COMMON_BLOCKS = YES;
				GCC_OPTIMIZATION_LEVEL = 0;
				GCC_PREPROCESSOR_DEFINITIONS = (
					"DEBUG=1",
					"$(inherited)",
				);
				GCC_WARN_64_TO_32_BIT_CONVERSION = YES;
				GCC_WARN_ABOUT_RETURN_TYPE = YES_ERROR;
				GCC_WARN_UNDECLARED_SELECTOR = YES;
				GCC_WARN_UNINITIALIZED_AUTOS = YES_AGGRESSIVE;
				GCC_WARN_UNUSED_FUNCTION = YES;
				GCC_WARN_UNUSED_VARIABLE = YES;
				IPHONEOS_DEPLOYMENT_TARGET = 17.5;
				LOCALIZATION_PREFERS_STRING_CATALOGS = YES;
				MTL_ENABLE_DEBUG_INFO = INCLUDE_SOURCE;
				MTL_FAST_MATH = YES;
				ONLY_ACTIVE_ARCH = YES;
				SDKROOT = iphoneos;
				SWIFT_ACTIVE_COMPILATION_CONDITIONS = "DEBUG $(inherited)";
				SWIFT_OPTIMIZATION_LEVEL = "-Onone";
			};
			name = Debug;
		};
		9B35333D2C6500C0007365EB /* Release */ = {
			isa = XCBuildConfiguration;
			buildSettings = {
				ALWAYS_SEARCH_USER_PATHS = NO;
				ASSETCATALOG_COMPILER_GENERATE_SWIFT_ASSET_SYMBOL_EXTENSIONS = YES;
				CLANG_ANALYZER_NONNULL = YES;
				CLANG_ANALYZER_NUMBER_OBJECT_CONVERSION = YES_AGGRESSIVE;
				CLANG_CXX_LANGUAGE_STANDARD = "gnu++20";
				CLANG_ENABLE_MODULES = YES;
				CLANG_ENABLE_OBJC_ARC = YES;
				CLANG_ENABLE_OBJC_WEAK = YES;
				CLANG_WARN_BLOCK_CAPTURE_AUTORELEASING = YES;
				CLANG_WARN_BOOL_CONVERSION = YES;
				CLANG_WARN_COMMA = YES;
				CLANG_WARN_CONSTANT_CONVERSION = YES;
				CLANG_WARN_DEPRECATED_OBJC_IMPLEMENTATIONS = YES;
				CLANG_WARN_DIRECT_OBJC_ISA_USAGE = YES_ERROR;
				CLANG_WARN_DOCUMENTATION_COMMENTS = YES;
				CLANG_WARN_EMPTY_BODY = YES;
				CLANG_WARN_ENUM_CONVERSION = YES;
				CLANG_WARN_INFINITE_RECURSION = YES;
				CLANG_WARN_INT_CONVERSION = YES;
				CLANG_WARN_NON_LITERAL_NULL_CONVERSION = YES;
				CLANG_WARN_OBJC_IMPLICIT_RETAIN_SELF = YES;
				CLANG_WARN_OBJC_LITERAL_CONVERSION = YES;
				CLANG_WARN_OBJC_ROOT_CLASS = YES_ERROR;
				CLANG_WARN_QUOTED_INCLUDE_IN_FRAMEWORK_HEADER = YES;
				CLANG_WARN_RANGE_LOOP_ANALYSIS = YES;
				CLANG_WARN_STRICT_PROTOTYPES = YES;
				CLANG_WARN_SUSPICIOUS_MOVE = YES;
				CLANG_WARN_UNGUARDED_AVAILABILITY = YES_AGGRESSIVE;
				CLANG_WARN_UNREACHABLE_CODE = YES;
				CLANG_WARN__DUPLICATE_METHOD_MATCH = YES;
				COPY_PHASE_STRIP = NO;
				DEBUG_INFORMATION_FORMAT = "dwarf-with-dsym";
				ENABLE_NS_ASSERTIONS = NO;
				ENABLE_STRICT_OBJC_MSGSEND = YES;
				ENABLE_USER_SCRIPT_SANDBOXING = YES;
				GCC_C_LANGUAGE_STANDARD = gnu17;
				GCC_NO_COMMON_BLOCKS = YES;
				GCC_WARN_64_TO_32_BIT_CONVERSION = YES;
				GCC_WARN_ABOUT_RETURN_TYPE = YES_ERROR;
				GCC_WARN_UNDECLARED_SELECTOR = YES;
				GCC_WARN_UNINITIALIZED_AUTOS = YES_AGGRESSIVE;
				GCC_WARN_UNUSED_FUNCTION = YES;
				GCC_WARN_UNUSED_VARIABLE = YES;
				IPHONEOS_DEPLOYMENT_TARGET = 17.5;
				LOCALIZATION_PREFERS_STRING_CATALOGS = YES;
				MTL_ENABLE_DEBUG_INFO = NO;
				MTL_FAST_MATH = YES;
				SDKROOT = iphoneos;
				SWIFT_COMPILATION_MODE = wholemodule;
				VALIDATE_PRODUCT = YES;
			};
			name = Release;
		};
		9B35333F2C6500C0007365EB /* Debug */ = {
			isa = XCBuildConfiguration;
			buildSettings = {
				ASSETCATALOG_COMPILER_APPICON_NAME = AppIcon;
				ASSETCATALOG_COMPILER_GLOBAL_ACCENT_COLOR_NAME = AccentColor;
				CODE_SIGN_STYLE = Automatic;
				CURRENT_PROJECT_VERSION = 1;
				DEVELOPMENT_ASSET_PATHS = "\"NavigationStarterSwiftUI/Preview Content\"";
				DEVELOPMENT_TEAM = AU84RKKUXN;
				ENABLE_PREVIEWS = YES;
				GENERATE_INFOPLIST_FILE = YES;
				INFOPLIST_KEY_UIApplicationSceneManifest_Generation = YES;
				INFOPLIST_KEY_UIApplicationSupportsIndirectInputEvents = YES;
				INFOPLIST_KEY_UILaunchScreen_Generation = YES;
				INFOPLIST_KEY_UISupportedInterfaceOrientations_iPad = "UIInterfaceOrientationPortrait UIInterfaceOrientationPortraitUpsideDown UIInterfaceOrientationLandscapeLeft UIInterfaceOrientationLandscapeRight";
				INFOPLIST_KEY_UISupportedInterfaceOrientations_iPhone = "UIInterfaceOrientationPortrait UIInterfaceOrientationLandscapeLeft UIInterfaceOrientationLandscapeRight";
				LD_RUNPATH_SEARCH_PATHS = (
					"$(inherited)",
					"@executable_path/Frameworks",
				);
				MARKETING_VERSION = 1.0;
				PRODUCT_BUNDLE_IDENTIFIER = ddhy.NavigationStarterSwiftUI;
				PRODUCT_NAME = "$(TARGET_NAME)";
				SWIFT_EMIT_LOC_STRINGS = YES;
				SWIFT_VERSION = 5.0;
				TARGETED_DEVICE_FAMILY = "1,2";
			};
			name = Debug;
		};
		9B3533402C6500C0007365EB /* Release */ = {
			isa = XCBuildConfiguration;
			buildSettings = {
				ASSETCATALOG_COMPILER_APPICON_NAME = AppIcon;
				ASSETCATALOG_COMPILER_GLOBAL_ACCENT_COLOR_NAME = AccentColor;
				CODE_SIGN_STYLE = Automatic;
				CURRENT_PROJECT_VERSION = 1;
				DEVELOPMENT_ASSET_PATHS = "\"NavigationStarterSwiftUI/Preview Content\"";
				DEVELOPMENT_TEAM = AU84RKKUXN;
				ENABLE_PREVIEWS = YES;
				GENERATE_INFOPLIST_FILE = YES;
				INFOPLIST_KEY_UIApplicationSceneManifest_Generation = YES;
				INFOPLIST_KEY_UIApplicationSupportsIndirectInputEvents = YES;
				INFOPLIST_KEY_UILaunchScreen_Generation = YES;
				INFOPLIST_KEY_UISupportedInterfaceOrientations_iPad = "UIInterfaceOrientationPortrait UIInterfaceOrientationPortraitUpsideDown UIInterfaceOrientationLandscapeLeft UIInterfaceOrientationLandscapeRight";
				INFOPLIST_KEY_UISupportedInterfaceOrientations_iPhone = "UIInterfaceOrientationPortrait UIInterfaceOrientationLandscapeLeft UIInterfaceOrientationLandscapeRight";
				LD_RUNPATH_SEARCH_PATHS = (
					"$(inherited)",
					"@executable_path/Frameworks",
				);
				MARKETING_VERSION = 1.0;
				PRODUCT_BUNDLE_IDENTIFIER = ddhy.NavigationStarterSwiftUI;
				PRODUCT_NAME = "$(TARGET_NAME)";
				SWIFT_EMIT_LOC_STRINGS = YES;
				SWIFT_VERSION = 5.0;
				TARGETED_DEVICE_FAMILY = "1,2";
			};
			name = Release;
		};
/* End XCBuildConfiguration section */

/* Begin XCConfigurationList section */
		9B35332B2C6500BE007365EB /* Build configuration list for PBXProject "NavigationStarterSwiftUI" */ = {
			isa = XCConfigurationList;
			buildConfigurations = (
				9B35333C2C6500C0007365EB /* Debug */,
				9B35333D2C6500C0007365EB /* Release */,
			);
			defaultConfigurationIsVisible = 0;
			defaultConfigurationName = Release;
		};
		9B35333E2C6500C0007365EB /* Build configuration list for PBXNativeTarget "NavigationStarterSwiftUI" */ = {
			isa = XCConfigurationList;
			buildConfigurations = (
				9B35333F2C6500C0007365EB /* Debug */,
				9B3533402C6500C0007365EB /* Release */,
			);
			defaultConfigurationIsVisible = 0;
			defaultConfigurationName = Release;
		};
/* End XCConfigurationList section */
	};
	rootObject = 9B3533282C6500BE007365EB /* Project object */;
}
